
Microsoft Visual Studio Solution File, Format Version 12.00
# Visual Studio Version 17
VisualStudioVersion = 17.9.34728.123
MinimumVisualStudioVersion = 10.0.40219.1
Project("{FAE04EC0-301F-11D3-BF4B-00C04F79EFBC}") = "IntroductionToDOTNET", "IntroductionToDOTNET\IntroductionToDOTNET.csproj", "{9815283F-6E37-4729-9937-32221459C5BF}"
EndProject
Project("{FAE04EC0-301F-11D3-BF4B-00C04F79EFBC}") = "HomeworkGeometry", "HomeworkGeometry\HomeworkGeometry.csproj", "{6312B3A0-53F6-4DBC-9E25-3236D3B1FD42}"
EndProject
Project("{FAE04EC0-301F-11D3-BF4B-00C04F79EFBC}") = "DataTypes", "DataTypes\DataTypes.csproj", "{7E5646C1-C326-466A-9067-E7BF9B685AB9}"
EndProject
Project("{FAE04EC0-301F-11D3-BF4B-00C04F79EFBC}") = "Game", "Game\Game.csproj", "{CBA5ABD3-6671-4CD2-83CF-D09EF058C0C5}"
EndProject
Project("{FAE04EC0-301F-11D3-BF4B-00C04F79EFBC}") = "Calculator", "Calculator\Calculator.csproj", "{1A83F926-9936-4DDE-B2CB-A906030E2275}"
EndProject
Project("{FAE04EC0-301F-11D3-BF4B-00C04F79EFBC}") = "Class Calculator", "Class Calculator\Class Calculator.csproj", "{67B569C8-6AA7-424D-8666-3EA518A0A9D0}"
EndProject
Project("{FAE04EC0-301F-11D3-BF4B-00C04F79EFBC}") = "Recursion", "Recursion\Recursion.csproj", "{431FD1EE-3977-41EC-9F3B-3A447D1FB8DE}"
EndProject
Global
	GlobalSection(SolutionConfigurationPlatforms) = preSolution
		Debug|Any CPU = Debug|Any CPU
		Release|Any CPU = Release|Any CPU
	EndGlobalSection
	GlobalSection(ProjectConfigurationPlatforms) = postSolution
		{9815283F-6E37-4729-9937-32221459C5BF}.Debug|Any CPU.ActiveCfg = Debug|Any CPU
		{9815283F-6E37-4729-9937-32221459C5BF}.Debug|Any CPU.Build.0 = Debug|Any CPU
		{9815283F-6E37-4729-9937-32221459C5BF}.Release|Any CPU.ActiveCfg = Release|Any CPU
		{9815283F-6E37-4729-9937-32221459C5BF}.Release|Any CPU.Build.0 = Release|Any CPU
		{6312B3A0-53F6-4DBC-9E25-3236D3B1FD42}.Debug|Any CPU.ActiveCfg = Debug|Any CPU
		{6312B3A0-53F6-4DBC-9E25-3236D3B1FD42}.Debug|Any CPU.Build.0 = Debug|Any CPU
		{6312B3A0-53F6-4DBC-9E25-3236D3B1FD42}.Release|Any CPU.ActiveCfg = Release|Any CPU
		{6312B3A0-53F6-4DBC-9E25-3236D3B1FD42}.Release|Any CPU.Build.0 = Release|Any CPU
		{7E5646C1-C326-466A-9067-E7BF9B685AB9}.Debug|Any CPU.ActiveCfg = Debug|Any CPU
		{7E5646C1-C326-466A-9067-E7BF9B685AB9}.Debug|Any CPU.Build.0 = Debug|Any CPU
		{7E5646C1-C326-466A-9067-E7BF9B685AB9}.Release|Any CPU.ActiveCfg = Release|Any CPU
		{7E5646C1-C326-466A-9067-E7BF9B685AB9}.Release|Any CPU.Build.0 = Release|Any CPU
		{CBA5ABD3-6671-4CD2-83CF-D09EF058C0C5}.Debug|Any CPU.ActiveCfg = Debug|Any CPU
		{CBA5ABD3-6671-4CD2-83CF-D09EF058C0C5}.Debug|Any CPU.Build.0 = Debug|Any CPU
		{CBA5ABD3-6671-4CD2-83CF-D09EF058C0C5}.Release|Any CPU.ActiveCfg = Release|Any CPU
		{CBA5ABD3-6671-4CD2-83CF-D09EF058C0C5}.Release|Any CPU.Build.0 = Release|Any CPU
		{1A83F926-9936-4DDE-B2CB-A906030E2275}.Debug|Any CPU.ActiveCfg = Debug|Any CPU
		{1A83F926-9936-4DDE-B2CB-A906030E2275}.Debug|Any CPU.Build.0 = Debug|Any CPU
		{1A83F926-9936-4DDE-B2CB-A906030E2275}.Release|Any CPU.ActiveCfg = Release|Any CPU
		{1A83F926-9936-4DDE-B2CB-A906030E2275}.Release|Any CPU.Build.0 = Release|Any CPU
		{67B569C8-6AA7-424D-8666-3EA518A0A9D0}.Debug|Any CPU.ActiveCfg = Debug|Any CPU
		{67B569C8-6AA7-424D-8666-3EA518A0A9D0}.Debug|Any CPU.Build.0 = Debug|Any CPU
		{67B569C8-6AA7-424D-8666-3EA518A0A9D0}.Release|Any CPU.ActiveCfg = Release|Any CPU
		{67B569C8-6AA7-424D-8666-3EA518A0A9D0}.Release|Any CPU.Build.0 = Release|Any CPU
		{431FD1EE-3977-41EC-9F3B-3A447D1FB8DE}.Debug|Any CPU.ActiveCfg = Debug|Any CPU
		{431FD1EE-3977-41EC-9F3B-3A447D1FB8DE}.Debug|Any CPU.Build.0 = Debug|Any CPU
		{431FD1EE-3977-41EC-9F3B-3A447D1FB8DE}.Release|Any CPU.ActiveCfg = Release|Any CPU
		{431FD1EE-3977-41EC-9F3B-3A447D1FB8DE}.Release|Any CPU.Build.0 = Release|Any CPU
	EndGlobalSection
	GlobalSection(SolutionProperties) = preSolution
		HideSolutionNode = FALSE
	EndGlobalSection
	GlobalSection(ExtensibilityGlobals) = postSolution
		SolutionGuid = {129BD77F-38BE-4F72-8A6B-088C160505C6}
	EndGlobalSection
EndGlobal
